
Microsoft Visual Studio Solution File, Format Version 12.00
# Visual Studio Version 16
VisualStudioVersion = 16.0.29215.179
MinimumVisualStudioVersion = 10.0.40219.1
Project("{FAE04EC0-301F-11D3-BF4B-00C04F79EFBC}") = "prueba", "prueba\prueba.csproj", "{88AE863E-F55F-49B9-9BB6-20BCC63F903F}"
EndProject
Global
	GlobalSection(SolutionConfigurationPlatforms) = preSolution
		Debug|Any CPU = Debug|Any CPU
		Release|Any CPU = Release|Any CPU
	EndGlobalSection
	GlobalSection(ProjectConfigurationPlatforms) = postSolution
		{88AE863E-F55F-49B9-9BB6-20BCC63F903F}.Debug|Any CPU.ActiveCfg = Debug|Any CPU
		{88AE863E-F55F-49B9-9BB6-20BCC63F903F}.Debug|Any CPU.Build.0 = Debug|Any CPU
		{88AE863E-F55F-49B9-9BB6-20BCC63F903F}.Release|Any CPU.ActiveCfg = Release|Any CPU
		{88AE863E-F55F-49B9-9BB6-20BCC63F903F}.Release|Any CPU.Build.0 = Release|Any CPU
	EndGlobalSection
	GlobalSection(SolutionProperties) = preSolution
		HideSolutionNode = FALSE
	EndGlobalSection
	GlobalSection(ExtensibilityGlobals) = postSolution
		SolutionGuid = {349D408F-F3B5-4536-B4AA-AB9209BA512B}
	EndGlobalSection
EndGlobal
